Microsoft Visual Studio Solution File, Format Version 12.00
# Visual Studio Version 17
VisualStudioVersion = 17.12.35527.113
MinimumVisualStudioVersion = 10.0.40219.1
Project("{FAE04EC0-301F-11D3-BF4B-00C04F79EFBC}") = "GeneratorLektora.Native", "Native\GeneratorLektora\GeneratorLektora.csproj", "{B3DFCC7E-454B-4CCA-8A8E-10CEB156203A}"
EndProject
Project("{FAE04EC0-301F-11D3-BF4B-00C04F79EFBC}") = "GeneratorLektora.Tests", "Native\GeneratorLektora.Tests\GeneratorLektora.Tests.csproj", "{B1B3565A-1929-499A-881E-29CF0A39C14C}"
EndProject
Global
 GlobalSection(SolutionConfigurationPlatforms) = preSolution
  Debug|Any CPU = Debug|Any CPU
  Release|Any CPU = Release|Any CPU
 EndGlobalSection
 GlobalSection(ProjectConfigurationPlatforms) = postSolution
  {B3DFCC7E-454B-4CCA-8A8E-10CEB156203A}.Debug|Any CPU.ActiveCfg = Debug|Any CPU
  {B3DFCC7E-454B-4CCA-8A8E-10CEB156203A}.Debug|Any CPU.Build.0 = Debug|Any CPU
  {B3DFCC7E-454B-4CCA-8A8E-10CEB156203A}.Release|Any CPU.ActiveCfg = Release|Any CPU
  {B3DFCC7E-454B-4CCA-8A8E-10CEB156203A}.Release|Any CPU.Build.0 = Release|Any CPU
  {B1B3565A-1929-499A-881E-29CF0A39C14C}.Debug|Any CPU.ActiveCfg = Debug|Any CPU
  {B1B3565A-1929-499A-881E-29CF0A39C14C}.Debug|Any CPU.Build.0 = Debug|Any CPU
  {B1B3565A-1929-499A-881E-29CF0A39C14C}.Release|Any CPU.ActiveCfg = Release|Any CPU
  {B1B3565A-1929-499A-881E-29CF0A39C14C}.Release|Any CPU.Build.0 = Release|Any CPU
 EndGlobalSection
EndGlobal
